
Microsoft Visual Studio Solution File, Format Version 12.00
# Visual Studio Version 17
VisualStudioVersion = 17.2.32616.157
MinimumVisualStudioVersion = 10.0.40219.1
Project("{FAE04EC0-301F-11D3-BF4B-00C04F79EFBC}") = "MyNotePad", "MyNotePad\MyNotePad.csproj", "{E736C0D1-AF0B-43D1-8A70-C477D2440CA1}"
EndProject
Global
	GlobalSection(SolutionConfigurationPlatforms) = preSolution
		Debug|Any CPU = Debug|Any CPU
		Release|Any CPU = Release|Any CPU
	EndGlobalSection
	GlobalSection(ProjectConfigurationPlatforms) = postSolution
		{E736C0D1-AF0B-43D1-8A70-C477D2440CA1}.Debug|Any CPU.ActiveCfg = Debug|Any CPU
		{E736C0D1-AF0B-43D1-8A70-C477D2440CA1}.Debug|Any CPU.Build.0 = Debug|Any CPU
		{E736C0D1-AF0B-43D1-8A70-C477D2440CA1}.Release|Any CPU.ActiveCfg = Release|Any CPU
		{E736C0D1-AF0B-43D1-8A70-C477D2440CA1}.Release|Any CPU.Build.0 = Release|Any CPU
	EndGlobalSection
	GlobalSection(SolutionProperties) = preSolution
		HideSolutionNode = FALSE
	EndGlobalSection
	GlobalSection(ExtensibilityGlobals) = postSolution
		SolutionGuid = {D2B06E24-158F-4A3B-B4B5-0D353C815546}
	EndGlobalSection
EndGlobal
